
Microsoft Visual Studio Solution File, Format Version 12.00
# Visual Studio 2012
Project("{FAE04EC0-301F-11D3-BF4B-00C04F79EFBC}") = "Groceries.Web", "groceries\Groceries.Web.csproj", "{9EF4987D-0D82-4362-8C60-B10DE48C7259}"
EndProject
Project("{FAE04EC0-301F-11D3-BF4B-00C04F79EFBC}") = "Groceries.Tests", "groceries.Tests\Groceries.Tests.csproj", "{CCF0A4C2-E59F-4734-9CE1-45857AEF3B4C}"
EndProject
Global
	GlobalSection(SolutionConfigurationPlatforms) = preSolution
		Debug|Any CPU = Debug|Any CPU
		Release|Any CPU = Release|Any CPU
	EndGlobalSection
	GlobalSection(ProjectConfigurationPlatforms) = postSolution
		{9EF4987D-0D82-4362-8C60-B10DE48C7259}.Debug|Any CPU.ActiveCfg = Debug|Any CPU
		{9EF4987D-0D82-4362-8C60-B10DE48C7259}.Debug|Any CPU.Build.0 = Debug|Any CPU
		{9EF4987D-0D82-4362-8C60-B10DE48C7259}.Release|Any CPU.ActiveCfg = Release|Any CPU
		{9EF4987D-0D82-4362-8C60-B10DE48C7259}.Release|Any CPU.Build.0 = Release|Any CPU
		{CCF0A4C2-E59F-4734-9CE1-45857AEF3B4C}.Debug|Any CPU.ActiveCfg = Debug|Any CPU
		{CCF0A4C2-E59F-4734-9CE1-45857AEF3B4C}.Debug|Any CPU.Build.0 = Debug|Any CPU
		{CCF0A4C2-E59F-4734-9CE1-45857AEF3B4C}.Release|Any CPU.ActiveCfg = Release|Any CPU
		{CCF0A4C2-E59F-4734-9CE1-45857AEF3B4C}.Release|Any CPU.Build.0 = Release|Any CPU
	EndGlobalSection
	GlobalSection(SolutionProperties) = preSolution
		HideSolutionNode = FALSE
	EndGlobalSection
EndGlobal
